
Microsoft Visual Studio Solution File, Format Version 12.00
# Visual Studio Version 17
VisualStudioVersion = 17.5.002.0
MinimumVisualStudioVersion = 10.0.40219.1
Project("{2150E333-8FDC-42A3-9474-1A3956D46DE8}") = "csharp-prep", "csharp-prep", "{DAC963F4-5365-40D8-8D1C-1E8D3E5DF204}"
EndProject
Project("{9A19103F-16F7-4668-BE54-9A1E7A4F7556}") = "Prep1", "csharp-prep\Prep1\Prep1.csproj", "{87ED3B87-1EA9-477D-AE14-1FCCAED07393}"
EndProject
Project("{9A19103F-16F7-4668-BE54-9A1E7A4F7556}") = "Prep2", "csharp-prep\Prep2\Prep2.csproj", "{4542A9EC-1C11-47A2-9AA0-E7E013A997DB}"
EndProject
Project("{9A19103F-16F7-4668-BE54-9A1E7A4F7556}") = "Prep3", "csharp-prep\Prep3\Prep3.csproj", "{5AB53DD7-EA99-41A9-AFF7-2D7B6F2D04E4}"
EndProject
Project("{9A19103F-16F7-4668-BE54-9A1E7A4F7556}") = "Prep4", "csharp-prep\Prep4\Prep4.csproj", "{E4BBB19F-A0DA-4359-AAF2-EFCB63D98C99}"
EndProject
Project("{9A19103F-16F7-4668-BE54-9A1E7A4F7556}") = "Prep5", "csharp-prep\Prep5\Prep5.csproj", "{3D617913-7E75-4762-AFF3-390E49E5C966}"
EndProject
Project("{2150E333-8FDC-42A3-9474-1A3956D46DE8}") = "final", "final", "{7CF34FE3-7E44-4B87-9449-C69C0346B2DB}"
EndProject
Project("{9A19103F-16F7-4668-BE54-9A1E7A4F7556}") = "FinalProject", "final\FinalProject\FinalProject.csproj", "{EF797D66-F4E0-42AC-8761-0F4499844024}"
EndProject
Project("{9A19103F-16F7-4668-BE54-9A1E7A4F7556}") = "Foundation1", "final\Foundation1\Foundation1.csproj", "{6A362A5D-92DF-491A-BA09-454F10A22CB8}"
EndProject
Project("{9A19103F-16F7-4668-BE54-9A1E7A4F7556}") = "Foundation2", "final\Foundation2\Foundation2.csproj", "{0C8B81F5-40FE-45EA-A31A-E18C6BC65149}"
EndProject
Project("{9A19103F-16F7-4668-BE54-9A1E7A4F7556}") = "Foundation3", "final\Foundation3\Foundation3.csproj", "{056B2A38-D992-4199-A06B-56C43045C98D}"
EndProject
Project("{9A19103F-16F7-4668-BE54-9A1E7A4F7556}") = "Foundation4", "final\Foundation4\Foundation4.csproj", "{2EF83EDC-092B-4B07-BE8C-3193ADC608DB}"
EndProject
Project("{2150E333-8FDC-42A3-9474-1A3956D46DE8}") = "prepare", "prepare", "{15EA49D3-D65A-4729-B58A-7A686AD8F37F}"
EndProject
Project("{9A19103F-16F7-4668-BE54-9A1E7A4F7556}") = "Learning02", "prepare\Learning02\Learning02.csproj", "{2E5C364E-024D-4A08-8B06-E8ADE7A7B320}"
EndProject
Project("{9A19103F-16F7-4668-BE54-9A1E7A4F7556}") = "Learning03", "prepare\Learning03\Learning03.csproj", "{D0738889-6F59-48C2-BC39-4801CE913561}"
EndProject
Project("{9A19103F-16F7-4668-BE54-9A1E7A4F7556}") = "Learning04", "prepare\Learning04\Learning04.csproj", "{00134535-2E93-4906-AA47-0B2994A6FEB5}"
EndProject
Project("{9A19103F-16F7-4668-BE54-9A1E7A4F7556}") = "Learning05", "prepare\Learning05\Learning05.csproj", "{AA494DF4-4EE5-44DF-B8F2-C76DAAC20236}"
EndProject
Project("{2150E333-8FDC-42A3-9474-1A3956D46DE8}") = "prove", "prove", "{EC29DB77-AF2E-46D2-B0FC-9ECFBD1F9AA8}"
EndProject
Project("{9A19103F-16F7-4668-BE54-9A1E7A4F7556}") = "Develop02", "prove\Develop02\Develop02.csproj", "{D96A1AAD-D912-487E-9944-68E2ACBDEBCF}"
EndProject
Project("{9A19103F-16F7-4668-BE54-9A1E7A4F7556}") = "Develop03", "prove\Develop03\Develop03.csproj", "{A18CD089-024F-418D-BB40-774A6DB227D9}"
EndProject
Project("{9A19103F-16F7-4668-BE54-9A1E7A4F7556}") = "Develop04", "prove\Develop04\Develop04.csproj", "{0FB3A6E7-3727-451F-994A-3ECB3A502F70}"
EndProject
Project("{9A19103F-16F7-4668-BE54-9A1E7A4F7556}") = "Develop05", "prove\Develop05\Develop05.csproj", "{90E214A7-7A29-43C7-9577-50B50D91A5C9}"
EndProject
Project("{2150E333-8FDC-42A3-9474-1A3956D46DE8}") = "sandbox", "sandbox", "{644C4E59-FE1B-4564-B337-05AC5944D58E}"
EndProject
Project("{9A19103F-16F7-4668-BE54-9A1E7A4F7556}") = "Sandbox", "sandbox\Sandbox\Sandbox.csproj", "{CB7FF284-CFBF-4F05-8090-18EB1CE783E4}"
EndProject
Global
	GlobalSection(SolutionConfigurationPlatforms) = preSolution
		Debug|Any CPU = Debug|Any CPU
		Release|Any CPU = Release|Any CPU
	EndGlobalSection
	GlobalSection(ProjectConfigurationPlatforms) = postSolution
		{87ED3B87-1EA9-477D-AE14-1FCCAED07393}.Debug|Any CPU.ActiveCfg = Debug|Any CPU
		{87ED3B87-1EA9-477D-AE14-1FCCAED07393}.Debug|Any CPU.Build.0 = Debug|Any CPU
		{87ED3B87-1EA9-477D-AE14-1FCCAED07393}.Release|Any CPU.ActiveCfg = Release|Any CPU
		{87ED3B87-1EA9-477D-AE14-1FCCAED07393}.Release|Any CPU.Build.0 = Release|Any CPU
		{4542A9EC-1C11-47A2-9AA0-E7E013A997DB}.Debug|Any CPU.ActiveCfg = Debug|Any CPU
		{4542A9EC-1C11-47A2-9AA0-E7E013A997DB}.Debug|Any CPU.Build.0 = Debug|Any CPU
		{4542A9EC-1C11-47A2-9AA0-E7E013A997DB}.Release|Any CPU.ActiveCfg = Release|Any CPU
		{4542A9EC-1C11-47A2-9AA0-E7E013A997DB}.Release|Any CPU.Build.0 = Release|Any CPU
		{5AB53DD7-EA99-41A9-AFF7-2D7B6F2D04E4}.Debug|Any CPU.ActiveCfg = Debug|Any CPU
		{5AB53DD7-EA99-41A9-AFF7-2D7B6F2D04E4}.Debug|Any CPU.Build.0 = Debug|Any CPU
		{5AB53DD7-EA99-41A9-AFF7-2D7B6F2D04E4}.Release|Any CPU.ActiveCfg = Release|Any CPU
		{5AB53DD7-EA99-41A9-AFF7-2D7B6F2D04E4}.Release|Any CPU.Build.0 = Release|Any CPU
		{E4BBB19F-A0DA-4359-AAF2-EFCB63D98C99}.Debug|Any CPU.ActiveCfg = Debug|Any CPU
		{E4BBB19F-A0DA-4359-AAF2-EFCB63D98C99}.Debug|Any CPU.Build.0 = Debug|Any CPU
		{E4BBB19F-A0DA-4359-AAF2-EFCB63D98C99}.Release|Any CPU.ActiveCfg = Release|Any CPU
		{E4BBB19F-A0DA-4359-AAF2-EFCB63D98C99}.Release|Any CPU.Build.0 = Release|Any CPU
		{3D617913-7E75-4762-AFF3-390E49E5C966}.Debug|Any CPU.ActiveCfg = Debug|Any CPU
		{3D617913-7E75-4762-AFF3-390E49E5C966}.Debug|Any CPU.Build.0 = Debug|Any CPU
		{3D617913-7E75-4762-AFF3-390E49E5C966}.Release|Any CPU.ActiveCfg = Release|Any CPU
		{3D617913-7E75-4762-AFF3-390E49E5C966}.Release|Any CPU.Build.0 = Release|Any CPU
		{EF797D66-F4E0-42AC-8761-0F4499844024}.Debug|Any CPU.ActiveCfg = Debug|Any CPU
		{EF797D66-F4E0-42AC-8761-0F4499844024}.Debug|Any CPU.Build.0 = Debug|Any CPU
		{EF797D66-F4E0-42AC-8761-0F4499844024}.Release|Any CPU.ActiveCfg = Release|Any CPU
		{EF797D66-F4E0-42AC-8761-0F4499844024}.Release|Any CPU.Build.0 = Release|Any CPU
		{6A362A5D-92DF-491A-BA09-454F10A22CB8}.Debug|Any CPU.ActiveCfg = Debug|Any CPU
		{6A362A5D-92DF-491A-BA09-454F10A22CB8}.Debug|Any CPU.Build.0 = Debug|Any CPU
		{6A362A5D-92DF-491A-BA09-454F10A22CB8}.Release|Any CPU.ActiveCfg = Release|Any CPU
		{6A362A5D-92DF-491A-BA09-454F10A22CB8}.Release|Any CPU.Build.0 = Release|Any CPU
		{0C8B81F5-40FE-45EA-A31A-E18C6BC65149}.Debug|Any CPU.ActiveCfg = Debug|Any CPU
		{0C8B81F5-40FE-45EA-A31A-E18C6BC65149}.Debug|Any CPU.Build.0 = Debug|Any CPU
		{0C8B81F5-40FE-45EA-A31A-E18C6BC65149}.Release|Any CPU.ActiveCfg = Release|Any CPU
		{0C8B81F5-40FE-45EA-A31A-E18C6BC65149}.Release|Any CPU.Build.0 = Release|Any CPU
		{056B2A38-D992-4199-A06B-56C43045C98D}.Debug|Any CPU.ActiveCfg = Debug|Any CPU
		{056B2A38-D992-4199-A06B-56C43045C98D}.Debug|Any CPU.Build.0 = Debug|Any CPU
		{056B2A38-D992-4199-A06B-56C43045C98D}.Release|Any CPU.ActiveCfg = Release|Any CPU
		{056B2A38-D992-4199-A06B-56C43045C98D}.Release|Any CPU.Build.0 = Release|Any CPU
		{2EF83EDC-092B-4B07-BE8C-3193ADC608DB}.Debug|Any CPU.ActiveCfg = Debug|Any CPU
		{2EF83EDC-092B-4B07-BE8C-3193ADC608DB}.Debug|Any CPU.Build.0 = Debug|Any CPU
		{2EF83EDC-092B-4B07-BE8C-3193ADC608DB}.Release|Any CPU.ActiveCfg = Release|Any CPU
		{2EF83EDC-092B-4B07-BE8C-3193ADC608DB}.Release|Any CPU.Build.0 = Release|Any CPU
		{2E5C364E-024D-4A08-8B06-E8ADE7A7B320}.Debug|Any CPU.ActiveCfg = Debug|Any CPU
		{2E5C364E-024D-4A08-8B06-E8ADE7A7B320}.Debug|Any CPU.Build.0 = Debug|Any CPU
		{2E5C364E-024D-4A08-8B06-E8ADE7A7B320}.Release|Any CPU.ActiveCfg = Release|Any CPU
		{2E5C364E-024D-4A08-8B06-E8ADE7A7B320}.Release|Any CPU.Build.0 = Release|Any CPU
		{D0738889-6F59-48C2-BC39-4801CE913561}.Debug|Any CPU.ActiveCfg = Debug|Any CPU
		{D0738889-6F59-48C2-BC39-4801CE913561}.Debug|Any CPU.Build.0 = Debug|Any CPU
		{D0738889-6F59-48C2-BC39-4801CE913561}.Release|Any CPU.ActiveCfg = Release|Any CPU
		{D0738889-6F59-48C2-BC39-4801CE913561}.Release|Any CPU.Build.0 = Release|Any CPU
		{00134535-2E93-4906-AA47-0B2994A6FEB5}.Debug|Any CPU.ActiveCfg = Debug|Any CPU
		{00134535-2E93-4906-AA47-0B2994A6FEB5}.Debug|Any CPU.Build.0 = Debug|Any CPU
		{00134535-2E93-4906-AA47-0B2994A6FEB5}.Release|Any CPU.ActiveCfg = Release|Any CPU
		{00134535-2E93-4906-AA47-0B2994A6FEB5}.Release|Any CPU.Build.0 = Release|Any CPU
		{AA494DF4-4EE5-44DF-B8F2-C76DAAC20236}.Debug|Any CPU.ActiveCfg = Debug|Any CPU
		{AA494DF4-4EE5-44DF-B8F2-C76DAAC20236}.Debug|Any CPU.Build.0 = Debug|Any CPU
		{AA494DF4-4EE5-44DF-B8F2-C76DAAC20236}.Release|Any CPU.ActiveCfg = Release|Any CPU
		{AA494DF4-4EE5-44DF-B8F2-C76DAAC20236}.Release|Any CPU.Build.0 = Release|Any CPU
		{D96A1AAD-D912-487E-9944-68E2ACBDEBCF}.Debug|Any CPU.ActiveCfg = Debug|Any CPU
		{D96A1AAD-D912-487E-9944-68E2ACBDEBCF}.Debug|Any CPU.Build.0 = Debug|Any CPU
		{D96A1AAD-D912-487E-9944-68E2ACBDEBCF}.Release|Any CPU.ActiveCfg = Release|Any CPU
		{D96A1AAD-D912-487E-9944-68E2ACBDEBCF}.Release|Any CPU.Build.0 = Release|Any CPU
		{A18CD089-024F-418D-BB40-774A6DB227D9}.Debug|Any CPU.ActiveCfg = Debug|Any CPU
		{A18CD089-024F-418D-BB40-774A6DB227D9}.Debug|Any CPU.Build.0 = Debug|Any CPU
		{A18CD089-024F-418D-BB40-774A6DB227D9}.Release|Any CPU.ActiveCfg = Release|Any CPU
		{A18CD089-024F-418D-BB40-774A6DB227D9}.Release|Any CPU.Build.0 = Release|Any CPU
		{0FB3A6E7-3727-451F-994A-3ECB3A502F70}.Debug|Any CPU.ActiveCfg = Debug|Any CPU
		{0FB3A6E7-3727-451F-994A-3ECB3A502F70}.Debug|Any CPU.Build.0 = Debug|Any CPU
		{0FB3A6E7-3727-451F-994A-3ECB3A502F70}.Release|Any CPU.ActiveCfg = Release|Any CPU
		{0FB3A6E7-3727-451F-994A-3ECB3A502F70}.Release|Any CPU.Build.0 = Release|Any CPU
		{90E214A7-7A29-43C7-9577-50B50D91A5C9}.Debug|Any CPU.ActiveCfg = Debug|Any CPU
		{90E214A7-7A29-43C7-9577-50B50D91A5C9}.Debug|Any CPU.Build.0 = Debug|Any CPU
		{90E214A7-7A29-43C7-9577-50B50D91A5C9}.Release|Any CPU.ActiveCfg = Release|Any CPU
		{90E214A7-7A29-43C7-9577-50B50D91A5C9}.Release|Any CPU.Build.0 = Release|Any CPU
		{CB7FF284-CFBF-4F05-8090-18EB1CE783E4}.Debug|Any CPU.ActiveCfg = Debug|Any CPU
		{CB7FF284-CFBF-4F05-8090-18EB1CE783E4}.Debug|Any CPU.Build.0 = Debug|Any CPU
		{CB7FF284-CFBF-4F05-8090-18EB1CE783E4}.Release|Any CPU.ActiveCfg = Release|Any CPU
		{CB7FF284-CFBF-4F05-8090-18EB1CE783E4}.Release|Any CPU.Build.0 = Release|Any CPU
	EndGlobalSection
	GlobalSection(SolutionProperties) = preSolution
		HideSolutionNode = FALSE
	EndGlobalSection
	GlobalSection(NestedProjects) = preSolution
		{87ED3B87-1EA9-477D-AE14-1FCCAED07393} = {DAC963F4-5365-40D8-8D1C-1E8D3E5DF204}
		{4542A9EC-1C11-47A2-9AA0-E7E013A997DB} = {DAC963F4-5365-40D8-8D1C-1E8D3E5DF204}
		{5AB53DD7-EA99-41A9-AFF7-2D7B6F2D04E4} = {DAC963F4-5365-40D8-8D1C-1E8D3E5DF204}
		{E4BBB19F-A0DA-4359-AAF2-EFCB63D98C99} = {DAC963F4-5365-40D8-8D1C-1E8D3E5DF204}
		{3D617913-7E75-4762-AFF3-390E49E5C966} = {DAC963F4-5365-40D8-8D1C-1E8D3E5DF204}
		{EF797D66-F4E0-42AC-8761-0F4499844024} = {7CF34FE3-7E44-4B87-9449-C69C0346B2DB}
		{6A362A5D-92DF-491A-BA09-454F10A22CB8} = {7CF34FE3-7E44-4B87-9449-C69C0346B2DB}
		{0C8B81F5-40FE-45EA-A31A-E18C6BC65149} = {7CF34FE3-7E44-4B87-9449-C69C0346B2DB}
		{056B2A38-D992-4199-A06B-56C43045C98D} = {7CF34FE3-7E44-4B87-9449-C69C0346B2DB}
		{2EF83EDC-092B-4B07-BE8C-3193ADC608DB} = {7CF34FE3-7E44-4B87-9449-C69C0346B2DB}
		{2E5C364E-024D-4A08-8B06-E8ADE7A7B320} = {15EA49D3-D65A-4729-B58A-7A686AD8F37F}
		{D0738889-6F59-48C2-BC39-4801CE913561} = {15EA49D3-D65A-4729-B58A-7A686AD8F37F}
		{00134535-2E93-4906-AA47-0B2994A6FEB5} = {15EA49D3-D65A-4729-B58A-7A686AD8F37F}
		{AA494DF4-4EE5-44DF-B8F2-C76DAAC20236} = {15EA49D3-D65A-4729-B58A-7A686AD8F37F}
		{D96A1AAD-D912-487E-9944-68E2ACBDEBCF} = {EC29DB77-AF2E-46D2-B0FC-9ECFBD1F9AA8}
		{A18CD089-024F-418D-BB40-774A6DB227D9} = {EC29DB77-AF2E-46D2-B0FC-9ECFBD1F9AA8}
		{0FB3A6E7-3727-451F-994A-3ECB3A502F70} = {EC29DB77-AF2E-46D2-B0FC-9ECFBD1F9AA8}
		{90E214A7-7A29-43C7-9577-50B50D91A5C9} = {EC29DB77-AF2E-46D2-B0FC-9ECFBD1F9AA8}
		{CB7FF284-CFBF-4F05-8090-18EB1CE783E4} = {644C4E59-FE1B-4564-B337-05AC5944D58E}
	EndGlobalSection
	GlobalSection(ExtensibilityGlobals) = postSolution
		SolutionGuid = {A41B02BE-E154-4DD2-AA48-7D5C5A743C9C}
	EndGlobalSection
EndGlobal
